
Microsoft Visual Studio Solution File, Format Version 12.00
# Visual Studio Version 16
VisualStudioVersion = 16.0.29905.134
MinimumVisualStudioVersion = 10.0.40219.1
Project("{FAE04EC0-301F-11D3-BF4B-00C04F79EFBC}") = "Repeat", "Repeat\Repeat.csproj", "{7482D0DE-716A-4D1E-9B27-DE75EB74B5DB}"
EndProject
Global
	GlobalSection(SolutionConfigurationPlatforms) = preSolution
		Debug|Any CPU = Debug|Any CPU
		Release|Any CPU = Release|Any CPU
	EndGlobalSection
	GlobalSection(ProjectConfigurationPlatforms) = postSolution
		{7482D0DE-716A-4D1E-9B27-DE75EB74B5DB}.Debug|Any CPU.ActiveCfg = Debug|Any CPU
		{7482D0DE-716A-4D1E-9B27-DE75EB74B5DB}.Debug|Any CPU.Build.0 = Debug|Any CPU
		{7482D0DE-716A-4D1E-9B27-DE75EB74B5DB}.Release|Any CPU.ActiveCfg = Release|Any CPU
		{7482D0DE-716A-4D1E-9B27-DE75EB74B5DB}.Release|Any CPU.Build.0 = Release|Any CPU
	EndGlobalSection
	GlobalSection(SolutionProperties) = preSolution
		HideSolutionNode = FALSE
	EndGlobalSection
	GlobalSection(ExtensibilityGlobals) = postSolution
		SolutionGuid = {612E0B68-26B0-471C-A878-2002F5A458CB}
	EndGlobalSection
EndGlobal
